# THIS IS AN AUTOGENERATED FILE. DO NOT EDIT THIS FILE DIRECTLY.
# yarn lockfile v1


jsrsasign-hermes@^8.0.12:
  version "8.0.12"
  resolved "https://registry.yarnpkg.com/jsrsasign-hermes/-/jsrsasign-hermes-8.0.12.tgz#1aa9ec3ee35067bad7a68b5730e69a545e2eed98"
  integrity sha512-wVBVncfOUHU7OrRHei/MfdV4sDidYWlVxzRG8+K93z/ZMpI3VIz7PHQzy3egdpqdEjftMZsBXGfYIhrlVYkHBA==
